memo = "c944d281ac3a3bdef29f56e66ac094686515aaf699b87f193a470614a4d6e478"

[[projects]]
  branch = "master"
  name = "github.com/dougfort/gocards"
  packages = [".","standard"]
  revision = "237585da34837e54156715b858bc249cf884b3b4"

[[projects]]
  branch = "master"
  name = "github.com/golang/protobuf"
  packages = ["proto","ptypes/any"]
  revision = "b50ceb1fa9818fa4d78b016c2d4ae025593a7ce3"

[[projects]]
  branch = "master"
  name = "github.com/pkg/errors"
  packages = ["."]
  revision = "c605e284fe17294bda444b34710735b29d1a9d90"

[[projects]]
  branch = "master"
  name = "golang.org/x/net"
  packages = ["context","http2","http2/hpack","idna","internal/timeseries","lex/httplex","trace"]
  revision = "c9b681d35165f1995d6f3034e61f8761d4b90c99"

[[projects]]
  branch = "master"
  name = "golang.org/x/text"
  packages = ["internal/gen","internal/triegen","internal/ucd","secure/bidirule","transform","unicode/bidi","unicode/cldr","unicode/norm","unicode/rangetable"]
  revision = "470f45bf29f4147d6fbd7dfd0a02a848e49f5bf4"

[[projects]]
  branch = "master"
  name = "google.golang.org/genproto"
  packages = ["googleapis/rpc/status"]
  revision = "411e09b969b1170a9f0c467558eb4c4c110d9c77"

[[projects]]
  branch = "master"
  name = "google.golang.org/grpc"
  packages = [".","codes","credentials","grpclb/grpc_lb_v1","grpclog","internal","keepalive","metadata","naming","peer","stats","status","tap","transport"]
  revision = "a0c3e72252b6fbf4826bb143e450eb05588a9d6d"
